
Microsoft Visual Studio Solution File, Format Version 12.00
# Visual Studio Version 16
VisualStudioVersion = 16.0.33927.289
MinimumVisualStudioVersion = 10.0.40219.1
Project("{C9674DCB-5085-4A16-B785-4C70DD1589BD}") = "ETL_Project", "ETL_Project\ETL_Project.dtproj", "{DD264644-30E4-413A-8AF3-DC100B12EE19}"
EndProject
Global
	GlobalSection(SolutionConfigurationPlatforms) = preSolution
		Development|Default = Development|Default
	EndGlobalSection
	GlobalSection(ProjectConfigurationPlatforms) = postSolution
		{DD264644-30E4-413A-8AF3-DC100B12EE19}.Development|Default.ActiveCfg = Development
		{DD264644-30E4-413A-8AF3-DC100B12EE19}.Development|Default.Build.0 = Development
	EndGlobalSection
	GlobalSection(SolutionProperties) = preSolution
		HideSolutionNode = FALSE
	EndGlobalSection
	GlobalSection(ExtensibilityGlobals) = postSolution
		SolutionGuid = {D4F08488-F585-4F20-86D5-E48952099520}
	EndGlobalSection
EndGlobal
